// !$*UTF8*$!
{
	archiveVersion = 1;
	classes = {
	};
	objectVersion = 52;
	objects = {

/* Begin PBXBuildFile section */
		910290E125D010710067320D /* ShellOutCommand+extension.swift in Sources */ = {isa = PBXBuildFile; fileRef = 910290E025D010710067320D /* ShellOutCommand+extension.swift */; };
		910290E925D04B470067320D /* HooksController.swift in Sources */ = {isa = PBXBuildFile; fileRef = 910290E825D04B470067320D /* HooksController.swift */; };
		910290ED25D04C100067320D /* ColorScheme+extension.swift in Sources */ = {isa = PBXBuildFile; fileRef = 910290EC25D04C100067320D /* ColorScheme+extension.swift */; };
		91689EFF23E0977A006056DC /* Theme.swift in Sources */ = {isa = PBXBuildFile; fileRef = 91689EFE23E0977A006056DC /* Theme.swift */; };
		91689F0223E0A514006056DC /* ShellOut in Frameworks */ = {isa = PBXBuildFile; productRef = 91689F0123E0A514006056DC /* ShellOut */; };
		91689F0423E1FE12006056DC /* PreferenceWindowController.swift in Sources */ = {isa = PBXBuildFile; fileRef = 91689F0323E1FE12006056DC /* PreferenceWindowController.swift */; };
		917C25A123DE34330096E6E9 /* LaunchAtLogin.feature in Resources */ = {isa = PBXBuildFile; fileRef = 917C25A023DE34330096E6E9 /* LaunchAtLogin.feature */; };
		91A21EF225DB1D0300714199 /* README.md in Resources */ = {isa = PBXBuildFile; fileRef = 91A21EF125DB1D0300714199 /* README.md */; };
		91AF302F23DCC16C00D394BA /* AppDelegate.swift in Sources */ = {isa = PBXBuildFile; fileRef = 91AF302E23DCC16C00D394BA /* AppDelegate.swift */; };
		91AF303123DCC16C00D394BA /* PreferencesView.swift in Sources */ = {isa = PBXBuildFile; fileRef = 91AF303023DCC16C00D394BA /* PreferencesView.swift */; };
		91AF303323DCC16F00D394BA /* Assets.xcassets in Resources */ = {isa = PBXBuildFile; fileRef = 91AF303223DCC16F00D394BA /* Assets.xcassets */; };
		91AF303623DCC16F00D394BA /* Preview Assets.xcassets in Resources */ = {isa = PBXBuildFile; fileRef = 91AF303523DCC16F00D394BA /* Preview Assets.xcassets */; };
		91AF303923DCC16F00D394BA /* Main.storyboard in Resources */ = {isa = PBXBuildFile; fileRef = 91AF303723DCC16F00D394BA /* Main.storyboard */; };
		91AF304523DCC17000D394BA /* AppearanceTests.swift in Sources */ = {isa = PBXBuildFile; fileRef = 91AF304423DCC17000D394BA /* AppearanceTests.swift */; };
		91AF305023DCC17000D394BA /* AppearanceUITests.swift in Sources */ = {isa = PBXBuildFile; fileRef = 91AF304F23DCC17000D394BA /* AppearanceUITests.swift */; };
		91AFF5B925DB151900E1FBC5 /* LaunchAtLogin in Frameworks */ = {isa = PBXBuildFile; productRef = 91AFF5B825DB151900E1FBC5 /* LaunchAtLogin */; };
		91C208F425CC4CA6002D021A /* FileManager+extension.swift in Sources */ = {isa = PBXBuildFile; fileRef = 91C208F325CC4CA6002D021A /* FileManager+extension.swift */; };
		91F0EE33262462D500B979FB /* LaunchUITests.swift in Sources */ = {isa = PBXBuildFile; fileRef = 91F0EE32262462D500B979FB /* LaunchUITests.swift */; };
/* End PBXBuildFile section */

/* Begin PBXContainerItemProxy section */
		91AF304123DCC17000D394BA /* PBXContainerItemProxy */ = {
			isa = PBXContainerItemProxy;
			containerPortal = 91AF302323DCC16C00D394BA /* Project object */;
			proxyType = 1;
			remoteGlobalIDString = 91AF302A23DCC16C00D394BA;
			remoteInfo = Appearance;
		};
		91AF304C23DCC17000D394BA /* PBXContainerItemProxy */ = {
			isa = PBXContainerItemProxy;
			containerPortal = 91AF302323DCC16C00D394BA /* Project object */;
			proxyType = 1;
			remoteGlobalIDString = 91AF302A23DCC16C00D394BA;
			remoteInfo = Appearance;
		};
/* End PBXContainerItemProxy section */

/* Begin PBXFileReference section */
		910290E025D010710067320D /* ShellOutCommand+extension.swift */ = {isa = PBXFileReference; lastKnownFileType = sourcecode.swift; path = "ShellOutCommand+extension.swift"; sourceTree = "<group>"; };
		910290E825D04B470067320D /* HooksController.swift */ = {isa = PBXFileReference; lastKnownFileType = sourcecode.swift; path = HooksController.swift; sourceTree = "<group>"; };
		910290EC25D04C100067320D /* ColorScheme+extension.swift */ = {isa = PBXFileReference; lastKnownFileType = sourcecode.swift; path = "ColorScheme+extension.swift"; sourceTree = "<group>"; };
		91689EFE23E0977A006056DC /* Theme.swift */ = {isa = PBXFileReference; lastKnownFileType = sourcecode.swift; path = Theme.swift; sourceTree = "<group>"; };
		91689F0323E1FE12006056DC /* PreferenceWindowController.swift */ = {isa = PBXFileReference; lastKnownFileType = sourcecode.swift; path = PreferenceWindowController.swift; sourceTree = "<group>"; };
		917C25A023DE34330096E6E9 /* LaunchAtLogin.feature */ = {isa = PBXFileReference; lastKnownFileType = text.xml; path = LaunchAtLogin.feature; sourceTree = "<group>"; };
		91A21EF125DB1D0300714199 /* README.md */ = {isa = PBXFileReference; fileEncoding = 4; lastKnownFileType = net.daringfireball.markdown; path = README.md; sourceTree = "<group>"; };
		91AF302B23DCC16C00D394BA /* Appearance.app */ = {isa = PBXFileReference; explicitFileType = wrapper.application; includeInIndex = 0; path = Appearance.app; sourceTree = BUILT_PRODUCTS_DIR; };
		91AF302E23DCC16C00D394BA /* AppDelegate.swift */ = {isa = PBXFileReference; lastKnownFileType = sourcecode.swift; path = AppDelegate.swift; sourceTree = "<group>"; };
		91AF303023DCC16C00D394BA /* PreferencesView.swift */ = {isa = PBXFileReference; lastKnownFileType = sourcecode.swift; path = PreferencesView.swift; sourceTree = "<group>"; };
		91AF303223DCC16F00D394BA /* Assets.xcassets */ = {isa = PBXFileReference; lastKnownFileType = folder.assetcatalog; path = Assets.xcassets; sourceTree = "<group>"; };
		91AF303523DCC16F00D394BA /* Preview Assets.xcassets */ = {isa = PBXFileReference; lastKnownFileType = folder.assetcatalog; path = "Preview Assets.xcassets"; sourceTree = "<group>"; };
		91AF303823DCC16F00D394BA /* Base */ = {isa = PBXFileReference; lastKnownFileType = file.storyboard; name = Base; path = Base.lproj/Main.storyboard; sourceTree = "<group>"; };
		91AF303A23DCC16F00D394BA /* Info.plist */ = {isa = PBXFileReference; lastKnownFileType = text.plist.xml; path = Info.plist; sourceTree = "<group>"; };
		91AF303B23DCC16F00D394BA /* Appearance.entitlements */ = {isa = PBXFileReference; lastKnownFileType = text.plist.entitlements; path = Appearance.entitlements; sourceTree = "<group>"; };
		91AF304023DCC17000D394BA /* AppearanceTests.xctest */ = {isa = PBXFileReference; explicitFileType = wrapper.cfbundle; includeInIndex = 0; path = AppearanceTests.xctest; sourceTree = BUILT_PRODUCTS_DIR; };
		91AF304423DCC17000D394BA /* AppearanceTests.swift */ = {isa = PBXFileReference; lastKnownFileType = sourcecode.swift; path = AppearanceTests.swift; sourceTree = "<group>"; };
		91AF304623DCC17000D394BA /* Info.plist */ = {isa = PBXFileReference; lastKnownFileType = text.plist.xml; path = Info.plist; sourceTree = "<group>"; };
		91AF304B23DCC17000D394BA /* AppearanceUITests.xctest */ = {isa = PBXFileReference; explicitFileType = wrapper.cfbundle; includeInIndex = 0; path = AppearanceUITests.xctest; sourceTree = BUILT_PRODUCTS_DIR; };
		91AF304F23DCC17000D394BA /* AppearanceUITests.swift */ = {isa = PBXFileReference; lastKnownFileType = sourcecode.swift; path = AppearanceUITests.swift; sourceTree = "<group>"; };
		91AF305123DCC17000D394BA /* Info.plist */ = {isa = PBXFileReference; lastKnownFileType = text.plist.xml; path = Info.plist; sourceTree = "<group>"; };
		91C208F325CC4CA6002D021A /* FileManager+extension.swift */ = {isa = PBXFileReference; lastKnownFileType = sourcecode.swift; path = "FileManager+extension.swift"; sourceTree = "<group>"; };
		91F0EE32262462D500B979FB /* LaunchUITests.swift */ = {isa = PBXFileReference; lastKnownFileType = sourcecode.swift; path = LaunchUITests.swift; sourceTree = "<group>"; };
/* End PBXFileReference section */

/* Begin PBXFrameworksBuildPhase section */
		91AF302823DCC16C00D394BA /* Frameworks */ = {
			isa = PBXFrameworksBuildPhase;
			buildActionMask = 2147483647;
			files = (
				91AFF5B925DB151900E1FBC5 /* LaunchAtLogin in Frameworks */,
				91689F0223E0A514006056DC /* ShellOut in Frameworks */,
			);
			runOnlyForDeploymentPostprocessing = 0;
		};
		91AF303D23DCC17000D394BA /* Frameworks */ = {
			isa = PBXFrameworksBuildPhase;
			buildActionMask = 2147483647;
			files = (
			);
			runOnlyForDeploymentPostprocessing = 0;
		};
		91AF304823DCC17000D394BA /* Frameworks */ = {
			isa = PBXFrameworksBuildPhase;
			buildActionMask = 2147483647;
			files = (
			);
			runOnlyForDeploymentPostprocessing = 0;
		};
/* End PBXFrameworksBuildPhase section */

/* Begin PBXGroup section */
		915EB19523DE30D400207556 /* Frameworks */ = {
			isa = PBXGroup;
			children = (
			);
			name = Frameworks;
			sourceTree = "<group>";
		};
		917C259F23DE34140096E6E9 /* Features */ = {
			isa = PBXGroup;
			children = (
				917C25A023DE34330096E6E9 /* LaunchAtLogin.feature */,
			);
			path = Features;
			sourceTree = "<group>";
		};
		91AF302223DCC16C00D394BA = {
			isa = PBXGroup;
			children = (
				91A21EF125DB1D0300714199 /* README.md */,
				917C259F23DE34140096E6E9 /* Features */,
				91AF302D23DCC16C00D394BA /* Appearance */,
				91AF304323DCC17000D394BA /* AppearanceTests */,
				91AF304E23DCC17000D394BA /* AppearanceUITests */,
				91AF302C23DCC16C00D394BA /* Products */,
				915EB19523DE30D400207556 /* Frameworks */,
			);
			sourceTree = "<group>";
		};
		91AF302C23DCC16C00D394BA /* Products */ = {
			isa = PBXGroup;
			children = (
				91AF302B23DCC16C00D394BA /* Appearance.app */,
				91AF304023DCC17000D394BA /* AppearanceTests.xctest */,
				91AF304B23DCC17000D394BA /* AppearanceUITests.xctest */,
			);
			name = Products;
			sourceTree = "<group>";
		};
		91AF302D23DCC16C00D394BA /* Appearance */ = {
			isa = PBXGroup;
			children = (
				91689F0323E1FE12006056DC /* PreferenceWindowController.swift */,
				91AF302E23DCC16C00D394BA /* AppDelegate.swift */,
				910290E025D010710067320D /* ShellOutCommand+extension.swift */,
				91C208F325CC4CA6002D021A /* FileManager+extension.swift */,
				91689EFE23E0977A006056DC /* Theme.swift */,
				910290E825D04B470067320D /* HooksController.swift */,
				910290EC25D04C100067320D /* ColorScheme+extension.swift */,
				91AF303023DCC16C00D394BA /* PreferencesView.swift */,
				91AF303223DCC16F00D394BA /* Assets.xcassets */,
				91AF303723DCC16F00D394BA /* Main.storyboard */,
				91AF303A23DCC16F00D394BA /* Info.plist */,
				91AF303B23DCC16F00D394BA /* Appearance.entitlements */,
				91AF303423DCC16F00D394BA /* Preview Content */,
			);
			path = Appearance;
			sourceTree = "<group>";
		};
		91AF303423DCC16F00D394BA /* Preview Content */ = {
			isa = PBXGroup;
			children = (
				91AF303523DCC16F00D394BA /* Preview Assets.xcassets */,
			);
			path = "Preview Content";
			sourceTree = "<group>";
		};
		91AF304323DCC17000D394BA /* AppearanceTests */ = {
			isa = PBXGroup;
			children = (
				91AF304423DCC17000D394BA /* AppearanceTests.swift */,
				91AF304623DCC17000D394BA /* Info.plist */,
			);
			path = AppearanceTests;
			sourceTree = "<group>";
		};
		91AF304E23DCC17000D394BA /* AppearanceUITests */ = {
			isa = PBXGroup;
			children = (
				91AF304F23DCC17000D394BA /* AppearanceUITests.swift */,
				91F0EE32262462D500B979FB /* LaunchUITests.swift */,
				91AF305123DCC17000D394BA /* Info.plist */,
			);
			path = AppearanceUITests;
			sourceTree = "<group>";
		};
/* End PBXGroup section */

/* Begin PBXNativeTarget section */
		91AF302A23DCC16C00D394BA /* Appearance */ = {
			isa = PBXNativeTarget;
			buildConfigurationList = 91AF305423DCC17000D394BA /* Build configuration list for PBXNativeTarget "Appearance" */;
			buildPhases = (
				91AF302723DCC16C00D394BA /* Sources */,
				91AF302823DCC16C00D394BA /* Frameworks */,
				91AF302923DCC16C00D394BA /* Resources */,
				915EB19B23DE31AC00207556 /* Copy launch at login helpers */,
			);
			buildRules = (
			);
			dependencies = (
			);
			name = Appearance;
			packageProductDependencies = (
				91689F0123E0A514006056DC /* ShellOut */,
				91AFF5B825DB151900E1FBC5 /* LaunchAtLogin */,
			);
			productName = Appearance;
			productReference = 91AF302B23DCC16C00D394BA /* Appearance.app */;
			productType = "com.apple.product-type.application";
		};
		91AF303F23DCC17000D394BA /* AppearanceTests */ = {
			isa = PBXNativeTarget;
			buildConfigurationList = 91AF305723DCC17000D394BA /* Build configuration list for PBXNativeTarget "AppearanceTests" */;
			buildPhases = (
				91AF303C23DCC17000D394BA /* Sources */,
				91AF303D23DCC17000D394BA /* Frameworks */,
				91AF303E23DCC17000D394BA /* Resources */,
			);
			buildRules = (
			);
			dependencies = (
				91AF304223DCC17000D394BA /* PBXTargetDependency */,
			);
			name = AppearanceTests;
			productName = AppearanceTests;
			productReference = 91AF304023DCC17000D394BA /* AppearanceTests.xctest */;
			productType = "com.apple.product-type.bundle.unit-test";
		};
		91AF304A23DCC17000D394BA /* AppearanceUITests */ = {
			isa = PBXNativeTarget;
			buildConfigurationList = 91AF305A23DCC17000D394BA /* Build configuration list for PBXNativeTarget "AppearanceUITests" */;
			buildPhases = (
				91AF304723DCC17000D394BA /* Sources */,
				91AF304823DCC17000D394BA /* Frameworks */,
				91AF304923DCC17000D394BA /* Resources */,
			);
			buildRules = (
			);
			dependencies = (
				91AF304D23DCC17000D394BA /* PBXTargetDependency */,
			);
			name = AppearanceUITests;
			productName = AppearanceUITests;
			productReference = 91AF304B23DCC17000D394BA /* AppearanceUITests.xctest */;
			productType = "com.apple.product-type.bundle.ui-testing";
		};
/* End PBXNativeTarget section */

/* Begin PBXProject section */
		91AF302323DCC16C00D394BA /* Project object */ = {
			isa = PBXProject;
			attributes = {
				LastSwiftUpdateCheck = 1130;
				LastUpgradeCheck = 1240;
				ORGANIZATIONNAME = "Alexander Ross";
				TargetAttributes = {
					91AF302A23DCC16C00D394BA = {
						CreatedOnToolsVersion = 11.3.1;
					};
					91AF303F23DCC17000D394BA = {
						CreatedOnToolsVersion = 11.3.1;
						TestTargetID = 91AF302A23DCC16C00D394BA;
					};
					91AF304A23DCC17000D394BA = {
						CreatedOnToolsVersion = 11.3.1;
						TestTargetID = 91AF302A23DCC16C00D394BA;
					};
				};
			};
			buildConfigurationList = 91AF302623DCC16C00D394BA /* Build configuration list for PBXProject "Appearance" */;
			compatibilityVersion = "Xcode 9.3";
			developmentRegion = en;
			hasScannedForEncodings = 0;
			knownRegions = (
				en,
				Base,
			);
			mainGroup = 91AF302223DCC16C00D394BA;
			packageReferences = (
				91689F0023E0A514006056DC /* XCRemoteSwiftPackageReference "ShellOut" */,
				91AFF5B725DB151900E1FBC5 /* XCRemoteSwiftPackageReference "LaunchAtLogin" */,
			);
			productRefGroup = 91AF302C23DCC16C00D394BA /* Products */;
			projectDirPath = "";
			projectRoot = "";
			targets = (
				91AF302A23DCC16C00D394BA /* Appearance */,
				91AF303F23DCC17000D394BA /* AppearanceTests */,
				91AF304A23DCC17000D394BA /* AppearanceUITests */,
			);
		};
/* End PBXProject section */

/* Begin PBXResourcesBuildPhase section */
		91AF302923DCC16C00D394BA /* Resources */ = {
			isa = PBXResourcesBuildPhase;
			buildActionMask = 2147483647;
			files = (
				91AF303923DCC16F00D394BA /* Main.storyboard in Resources */,
				917C25A123DE34330096E6E9 /* LaunchAtLogin.feature in Resources */,
				91A21EF225DB1D0300714199 /* README.md in Resources */,
				91AF303623DCC16F00D394BA /* Preview Assets.xcassets in Resources */,
				91AF303323DCC16F00D394BA /* Assets.xcassets in Resources */,
			);
			runOnlyForDeploymentPostprocessing = 0;
		};
		91AF303E23DCC17000D394BA /* Resources */ = {
			isa = PBXResourcesBuildPhase;
			buildActionMask = 2147483647;
			files = (
			);
			runOnlyForDeploymentPostprocessing = 0;
		};
		91AF304923DCC17000D394BA /* Resources */ = {
			isa = PBXResourcesBuildPhase;
			buildActionMask = 2147483647;
			files = (
			);
			runOnlyForDeploymentPostprocessing = 0;
		};
/* End PBXResourcesBuildPhase section */

/* Begin PBXShellScriptBuildPhase section */
		915EB19B23DE31AC00207556 /* Copy launch at login helpers */ = {
			isa = PBXShellScriptBuildPhase;
			buildActionMask = 2147483647;
			files = (
			);
			inputFileListPaths = (
			);
			inputPaths = (
			);
			name = "Copy launch at login helpers";
			outputFileListPaths = (
			);
			outputPaths = (
			);
			runOnlyForDeploymentPostprocessing = 0;
			shellPath = /bin/sh;
			shellScript = "${BUILT_PRODUCTS_DIR}/LaunchAtLogin_LaunchAtLogin.bundle/Contents/Resources/copy-helper-swiftpm.sh\n";
		};
/* End PBXShellScriptBuildPhase section */

/* Begin PBXSourcesBuildPhase section */
		91AF302723DCC16C00D394BA /* Sources */ = {
			isa = PBXSourcesBuildPhase;
			buildActionMask = 2147483647;
			files = (
				91689F0423E1FE12006056DC /* PreferenceWindowController.swift in Sources */,
				910290E125D010710067320D /* ShellOutCommand+extension.swift in Sources */,
				910290ED25D04C100067320D /* ColorScheme+extension.swift in Sources */,
				91C208F425CC4CA6002D021A /* FileManager+extension.swift in Sources */,
				910290E925D04B470067320D /* HooksController.swift in Sources */,
				91689EFF23E0977A006056DC /* Theme.swift in Sources */,
				91AF303123DCC16C00D394BA /* PreferencesView.swift in Sources */,
				91AF302F23DCC16C00D394BA /* AppDelegate.swift in Sources */,
			);
			runOnlyForDeploymentPostprocessing = 0;
		};
		91AF303C23DCC17000D394BA /* Sources */ = {
			isa = PBXSourcesBuildPhase;
			buildActionMask = 2147483647;
			files = (
				91AF304523DCC17000D394BA /* AppearanceTests.swift in Sources */,
			);
			runOnlyForDeploymentPostprocessing = 0;
		};
		91AF304723DCC17000D394BA /* Sources */ = {
			isa = PBXSourcesBuildPhase;
			buildActionMask = 2147483647;
			files = (
				91F0EE33262462D500B979FB /* LaunchUITests.swift in Sources */,
				91AF305023DCC17000D394BA /* AppearanceUITests.swift in Sources */,
			);
			runOnlyForDeploymentPostprocessing = 0;
		};
/* End PBXSourcesBuildPhase section */

/* Begin PBXTargetDependency section */
		91AF304223DCC17000D394BA /* PBXTargetDependency */ = {
			isa = PBXTargetDependency;
			target = 91AF302A23DCC16C00D394BA /* Appearance */;
			targetProxy = 91AF304123DCC17000D394BA /* PBXContainerItemProxy */;
		};
		91AF304D23DCC17000D394BA /* PBXTargetDependency */ = {
			isa = PBXTargetDependency;
			target = 91AF302A23DCC16C00D394BA /* Appearance */;
			targetProxy = 91AF304C23DCC17000D394BA /* PBXContainerItemProxy */;
		};
/* End PBXTargetDependency section */

/* Begin PBXVariantGroup section */
		91AF303723DCC16F00D394BA /* Main.storyboard */ = {
			isa = PBXVariantGroup;
			children = (
				91AF303823DCC16F00D394BA /* Base */,
			);
			name = Main.storyboard;
			sourceTree = "<group>";
		};
/* End PBXVariantGroup section */

/* Begin XCBuildConfiguration section */
		91AF305223DCC17000D394BA /* Debug */ = {
			isa = XCBuildConfiguration;
			buildSettings = {
				ALWAYS_SEARCH_USER_PATHS = NO;
				CLANG_ANALYZER_NONNULL = YES;
				CLANG_ANALYZER_NUMBER_OBJECT_CONVERSION = YES_AGGRESSIVE;
				CLANG_CXX_LANGUAGE_STANDARD = "gnu++14";
				CLANG_CXX_LIBRARY = "libc++";
				CLANG_ENABLE_MODULES = YES;
				CLANG_ENABLE_OBJC_ARC = YES;
				CLANG_ENABLE_OBJC_WEAK = YES;
				CLANG_WARN_BLOCK_CAPTURE_AUTORELEASING = YES;
				CLANG_WARN_BOOL_CONVERSION = YES;
				CLANG_WARN_COMMA = YES;
				CLANG_WARN_CONSTANT_CONVERSION = YES;
				CLANG_WARN_DEPRECATED_OBJC_IMPLEMENTATIONS = YES;
				CLANG_WARN_DIRECT_OBJC_ISA_USAGE = YES_ERROR;
				CLANG_WARN_DOCUMENTATION_COMMENTS = YES;
				CLANG_WARN_EMPTY_BODY = YES;
				CLANG_WARN_ENUM_CONVERSION = YES;
				CLANG_WARN_INFINITE_RECURSION = YES;
				CLANG_WARN_INT_CONVERSION = YES;
				CLANG_WARN_NON_LITERAL_NULL_CONVERSION = YES;
				CLANG_WARN_OBJC_IMPLICIT_RETAIN_SELF = YES;
				CLANG_WARN_OBJC_LITERAL_CONVERSION = YES;
				CLANG_WARN_OBJC_ROOT_CLASS = YES_ERROR;
				CLANG_WARN_QUOTED_INCLUDE_IN_FRAMEWORK_HEADER = YES;
				CLANG_WARN_RANGE_LOOP_ANALYSIS = YES;
				CLANG_WARN_STRICT_PROTOTYPES = YES;
				CLANG_WARN_SUSPICIOUS_MOVE = YES;
				CLANG_WARN_UNGUARDED_AVAILABILITY = YES_AGGRESSIVE;
				CLANG_WARN_UNREACHABLE_CODE = YES;
				CLANG_WARN__DUPLICATE_METHOD_MATCH = YES;
				COPY_PHASE_STRIP = NO;
				DEBUG_INFORMATION_FORMAT = dwarf;
				ENABLE_STRICT_OBJC_MSGSEND = YES;
				ENABLE_TESTABILITY = YES;
				GCC_C_LANGUAGE_STANDARD = gnu11;
				GCC_DYNAMIC_NO_PIC = NO;
				GCC_NO_COMMON_BLOCKS = YES;
				GCC_OPTIMIZATION_LEVEL = 0;
				GCC_PREPROCESSOR_DEFINITIONS = (
					"DEBUG=1",
					"$(inherited)",
				);
				GCC_WARN_64_TO_32_BIT_CONVERSION = YES;
				GCC_WARN_ABOUT_RETURN_TYPE = YES_ERROR;
				GCC_WARN_UNDECLARED_SELECTOR = YES;
				GCC_WARN_UNINITIALIZED_AUTOS = YES_AGGRESSIVE;
				GCC_WARN_UNUSED_FUNCTION = YES;
				GCC_WARN_UNUSED_VARIABLE = YES;
				MACOSX_DEPLOYMENT_TARGET = 10.15;
				MTL_ENABLE_DEBUG_INFO = INCLUDE_SOURCE;
				MTL_FAST_MATH = YES;
				ONLY_ACTIVE_ARCH = YES;
				SDKROOT = macosx;
				SWIFT_ACTIVE_COMPILATION_CONDITIONS = DEBUG;
				SWIFT_OPTIMIZATION_LEVEL = "-Onone";
			};
			name = Debug;
		};
		91AF305323DCC17000D394BA /* Release */ = {
			isa = XCBuildConfiguration;
			buildSettings = {
				ALWAYS_SEARCH_USER_PATHS = NO;
				CLANG_ANALYZER_NONNULL = YES;
				CLANG_ANALYZER_NUMBER_OBJECT_CONVERSION = YES_AGGRESSIVE;
				CLANG_CXX_LANGUAGE_STANDARD = "gnu++14";
				CLANG_CXX_LIBRARY = "libc++";
				CLANG_ENABLE_MODULES = YES;
				CLANG_ENABLE_OBJC_ARC = YES;
				CLANG_ENABLE_OBJC_WEAK = YES;
				CLANG_WARN_BLOCK_CAPTURE_AUTORELEASING = YES;
				CLANG_WARN_BOOL_CONVERSION = YES;
				CLANG_WARN_COMMA = YES;
				CLANG_WARN_CONSTANT_CONVERSION = YES;
				CLANG_WARN_DEPRECATED_OBJC_IMPLEMENTATIONS = YES;
				CLANG_WARN_DIRECT_OBJC_ISA_USAGE = YES_ERROR;
				CLANG_WARN_DOCUMENTATION_COMMENTS = YES;
				CLANG_WARN_EMPTY_BODY = YES;
				CLANG_WARN_ENUM_CONVERSION = YES;
				CLANG_WARN_INFINITE_RECURSION = YES;
				CLANG_WARN_INT_CONVERSION = YES;
				CLANG_WARN_NON_LITERAL_NULL_CONVERSION = YES;
				CLANG_WARN_OBJC_IMPLICIT_RETAIN_SELF = YES;
				CLANG_WARN_OBJC_LITERAL_CONVERSION = YES;
				CLANG_WARN_OBJC_ROOT_CLASS = YES_ERROR;
				CLANG_WARN_QUOTED_INCLUDE_IN_FRAMEWORK_HEADER = YES;
				CLANG_WARN_RANGE_LOOP_ANALYSIS = YES;
				CLANG_WARN_STRICT_PROTOTYPES = YES;
				CLANG_WARN_SUSPICIOUS_MOVE = YES;
				CLANG_WARN_UNGUARDED_AVAILABILITY = YES_AGGRESSIVE;
				CLANG_WARN_UNREACHABLE_CODE = YES;
				CLANG_WARN__DUPLICATE_METHOD_MATCH = YES;
				COPY_PHASE_STRIP = NO;
				DEBUG_INFORMATION_FORMAT = "dwarf-with-dsym";
				ENABLE_NS_ASSERTIONS = NO;
				ENABLE_STRICT_OBJC_MSGSEND = YES;
				GCC_C_LANGUAGE_STANDARD = gnu11;
				GCC_NO_COMMON_BLOCKS = YES;
				GCC_WARN_64_TO_32_BIT_CONVERSION = YES;
				GCC_WARN_ABOUT_RETURN_TYPE = YES_ERROR;
				GCC_WARN_UNDECLARED_SELECTOR = YES;
				GCC_WARN_UNINITIALIZED_AUTOS = YES_AGGRESSIVE;
				GCC_WARN_UNUSED_FUNCTION = YES;
				GCC_WARN_UNUSED_VARIABLE = YES;
				MACOSX_DEPLOYMENT_TARGET = 10.15;
				MTL_ENABLE_DEBUG_INFO = NO;
				MTL_FAST_MATH = YES;
				SDKROOT = macosx;
				SWIFT_COMPILATION_MODE = wholemodule;
				SWIFT_OPTIMIZATION_LEVEL = "-O";
			};
			name = Release;
		};
		91AF305523DCC17000D394BA /* Debug */ = {
			isa = XCBuildConfiguration;
			buildSettings = {
				ASSETCATALOG_COMPILER_APPICON_NAME = AppIcon;
				CODE_SIGN_ENTITLEMENTS = Appearance/Appearance.entitlements;
				CODE_SIGN_IDENTITY = "Apple Development";
				CODE_SIGN_STYLE = Automatic;
				COMBINE_HIDPI_IMAGES = YES;
				CURRENT_PROJECT_VERSION = 12;
				DEVELOPMENT_ASSET_PATHS = "\"Appearance/Preview Content\"";
				DEVELOPMENT_TEAM = 7RS8ZRKD6A;
				ENABLE_HARDENED_RUNTIME = YES;
				ENABLE_PREVIEWS = YES;
				FRAMEWORK_SEARCH_PATHS = (
					"$(inherited)",
					"$(PROJECT_DIR)/Carthage/Build/Mac",
				);
				INFOPLIST_FILE = Appearance/Info.plist;
				LD_RUNPATH_SEARCH_PATHS = (
					"$(inherited)",
					"@executable_path/../Frameworks",
				);
				MACOSX_DEPLOYMENT_TARGET = 12.0;
				MARKETING_VERSION = 1.7.2;
				PRODUCT_BUNDLE_IDENTIFIER = se.aross.Appearance;
				PRODUCT_NAME = "$(TARGET_NAME)";
				SWIFT_VERSION = 5.0;
			};
			name = Debug;
		};
		91AF305623DCC17000D394BA /* Release */ = {
			isa = XCBuildConfiguration;
			buildSettings = {
				ASSETCATALOG_COMPILER_APPICON_NAME = AppIcon;
				CODE_SIGN_ENTITLEMENTS = Appearance/Appearance.entitlements;
				CODE_SIGN_IDENTITY = "Apple Development";
				CODE_SIGN_STYLE = Automatic;
				COMBINE_HIDPI_IMAGES = YES;
				CURRENT_PROJECT_VERSION = 12;
				DEVELOPMENT_ASSET_PATHS = "\"Appearance/Preview Content\"";
				DEVELOPMENT_TEAM = 7RS8ZRKD6A;
				ENABLE_HARDENED_RUNTIME = YES;
				ENABLE_PREVIEWS = YES;
				FRAMEWORK_SEARCH_PATHS = (
					"$(inherited)",
					"$(PROJECT_DIR)/Carthage/Build/Mac",
				);
				INFOPLIST_FILE = Appearance/Info.plist;
				LD_RUNPATH_SEARCH_PATHS = (
					"$(inherited)",
					"@executable_path/../Frameworks",
				);
				MACOSX_DEPLOYMENT_TARGET = 12.0;
				MARKETING_VERSION = 1.7.2;
				PRODUCT_BUNDLE_IDENTIFIER = se.aross.Appearance;
				PRODUCT_NAME = "$(TARGET_NAME)";
				SWIFT_VERSION = 5.0;
			};
			name = Release;
		};
		91AF305823DCC17000D394BA /* Debug */ = {
			isa = XCBuildConfiguration;
			buildSettings = {
				ALWAYS_EMBED_SWIFT_STANDARD_LIBRARIES = YES;
				BUNDLE_LOADER = "$(TEST_HOST)";
				CODE_SIGN_STYLE = Automatic;
				COMBINE_HIDPI_IMAGES = YES;
				DEVELOPMENT_TEAM = 7RS8ZRKD6A;
				INFOPLIST_FILE = AppearanceTests/Info.plist;
				LD_RUNPATH_SEARCH_PATHS = (
					"$(inherited)",
					"@executable_path/../Frameworks",
					"@loader_path/../Frameworks",
				);
				MACOSX_DEPLOYMENT_TARGET = 10.15;
				PRODUCT_BUNDLE_IDENTIFIER = se.aross.AppearanceTests;
				PRODUCT_NAME = "$(TARGET_NAME)";
				SWIFT_VERSION = 5.0;
				TEST_HOST = "$(BUILT_PRODUCTS_DIR)/Appearance.app/Contents/MacOS/Appearance";
			};
			name = Debug;
		};
		91AF305923DCC17000D394BA /* Release */ = {
			isa = XCBuildConfiguration;
			buildSettings = {
				ALWAYS_EMBED_SWIFT_STANDARD_LIBRARIES = YES;
				BUNDLE_LOADER = "$(TEST_HOST)";
				CODE_SIGN_STYLE = Automatic;
				COMBINE_HIDPI_IMAGES = YES;
				DEVELOPMENT_TEAM = 7RS8ZRKD6A;
				INFOPLIST_FILE = AppearanceTests/Info.plist;
				LD_RUNPATH_SEARCH_PATHS = (
					"$(inherited)",
					"@executable_path/../Frameworks",
					"@loader_path/../Frameworks",
				);
				MACOSX_DEPLOYMENT_TARGET = 10.15;
				PRODUCT_BUNDLE_IDENTIFIER = se.aross.AppearanceTests;
				PRODUCT_NAME = "$(TARGET_NAME)";
				SWIFT_VERSION = 5.0;
				TEST_HOST = "$(BUILT_PRODUCTS_DIR)/Appearance.app/Contents/MacOS/Appearance";
			};
			name = Release;
		};
		91AF305B23DCC17000D394BA /* Debug */ = {
			isa = XCBuildConfiguration;
			buildSettings = {
				ALWAYS_EMBED_SWIFT_STANDARD_LIBRARIES = YES;
				CODE_SIGN_STYLE = Automatic;
				COMBINE_HIDPI_IMAGES = YES;
				DEVELOPMENT_TEAM = 7RS8ZRKD6A;
				INFOPLIST_FILE = AppearanceUITests/Info.plist;
				LD_RUNPATH_SEARCH_PATHS = (
					"$(inherited)",
					"@executable_path/../Frameworks",
					"@loader_path/../Frameworks",
				);
				PRODUCT_BUNDLE_IDENTIFIER = se.aross.AppearanceUITests;
				PRODUCT_NAME = "$(TARGET_NAME)";
				SWIFT_VERSION = 5.0;
				TEST_TARGET_NAME = Appearance;
			};
			name = Debug;
		};
		91AF305C23DCC17000D394BA /* Release */ = {
			isa = XCBuildConfiguration;
			buildSettings = {
				ALWAYS_EMBED_SWIFT_STANDARD_LIBRARIES = YES;
				CODE_SIGN_STYLE = Automatic;
				COMBINE_HIDPI_IMAGES = YES;
				DEVELOPMENT_TEAM = 7RS8ZRKD6A;
				INFOPLIST_FILE = AppearanceUITests/Info.plist;
				LD_RUNPATH_SEARCH_PATHS = (
					"$(inherited)",
					"@executable_path/../Frameworks",
					"@loader_path/../Frameworks",
				);
				PRODUCT_BUNDLE_IDENTIFIER = se.aross.AppearanceUITests;
				PRODUCT_NAME = "$(TARGET_NAME)";
				SWIFT_VERSION = 5.0;
				TEST_TARGET_NAME = Appearance;
			};
			name = Release;
		};
/* End XCBuildConfiguration section */

/* Begin XCConfigurationList section */
		91AF302623DCC16C00D394BA /* Build configuration list for PBXProject "Appearance" */ = {
			isa = XCConfigurationList;
			buildConfigurations = (
				91AF305223DCC17000D394BA /* Debug */,
				91AF305323DCC17000D394BA /* Release */,
			);
			defaultConfigurationIsVisible = 0;
			defaultConfigurationName = Release;
		};
		91AF305423DCC17000D394BA /* Build configuration list for PBXNativeTarget "Appearance" */ = {
			isa = XCConfigurationList;
			buildConfigurations = (
				91AF305523DCC17000D394BA /* Debug */,
				91AF305623DCC17000D394BA /* Release */,
			);
			defaultConfigurationIsVisible = 0;
			defaultConfigurationName = Release;
		};
		91AF305723DCC17000D394BA /* Build configuration list for PBXNativeTarget "AppearanceTests" */ = {
			isa = XCConfigurationList;
			buildConfigurations = (
				91AF305823DCC17000D394BA /* Debug */,
				91AF305923DCC17000D394BA /* Release */,
			);
			defaultConfigurationIsVisible = 0;
			defaultConfigurationName = Release;
		};
		91AF305A23DCC17000D394BA /* Build configuration list for PBXNativeTarget "AppearanceUITests" */ = {
			isa = XCConfigurationList;
			buildConfigurations = (
				91AF305B23DCC17000D394BA /* Debug */,
				91AF305C23DCC17000D394BA /* Release */,
			);
			defaultConfigurationIsVisible = 0;
			defaultConfigurationName = Release;
		};
/* End XCConfigurationList section */

/* Begin XCRemoteSwiftPackageReference section */
		91689F0023E0A514006056DC /* XCRemoteSwiftPackageReference "ShellOut" */ = {
			isa = XCRemoteSwiftPackageReference;
			repositoryURL = "https://github.com/JohnSundell/ShellOut.git";
			requirement = {
				kind = upToNextMajorVersion;
				minimumVersion = 2.3.0;
			};
		};
		91AFF5B725DB151900E1FBC5 /* XCRemoteSwiftPackageReference "LaunchAtLogin" */ = {
			isa = XCRemoteSwiftPackageReference;
			repositoryURL = "https://github.com/sindresorhus/LaunchAtLogin";
			requirement = {
				kind = upToNextMajorVersion;
				minimumVersion = 4.0.0;
			};
		};
/* End XCRemoteSwiftPackageReference section */

/* Begin XCSwiftPackageProductDependency section */
		91689F0123E0A514006056DC /* ShellOut */ = {
			isa = XCSwiftPackageProductDependency;
			package = 91689F0023E0A514006056DC /* XCRemoteSwiftPackageReference "ShellOut" */;
			productName = ShellOut;
		};
		91AFF5B825DB151900E1FBC5 /* LaunchAtLogin */ = {
			isa = XCSwiftPackageProductDependency;
			package = 91AFF5B725DB151900E1FBC5 /* XCRemoteSwiftPackageReference "LaunchAtLogin" */;
			productName = LaunchAtLogin;
		};
/* End XCSwiftPackageProductDependency section */
	};
	rootObject = 91AF302323DCC16C00D394BA /* Project object */;
}
